
Microsoft Visual Studio Solution File, Format Version 12.00
# Visual Studio 15
VisualStudioVersion = 15.0.27004.2008
MinimumVisualStudioVersion = 10.0.40219.1
Project("{FAE04EC0-301F-11D3-BF4B-00C04F79EFBC}") = "ObservableBinding.WPF.MarkupExt", "ObservableBinding.WPF.MarkupExt\ObservableBinding.WPF.MarkupExt.csproj", "{7CDC4901-C4FF-4688-81BA-5D9CD09DD9A5}"
EndProject
Project("{FAE04EC0-301F-11D3-BF4B-00C04F79EFBC}") = "ObservableBinding.WPF.Behavior", "ObservableBinding.WPF.Behavior\ObservableBinding.WPF.Behavior.csproj", "{2B5E3B22-DBF1-4FF0-B3D3-82378197E03E}"
EndProject
Project("{FAE04EC0-301F-11D3-BF4B-00C04F79EFBC}") = "ObservableBinding.UWP.AttachedProp", "ObservableBinding.UWP.AttachedProp\ObservableBinding.UWP.AttachedProp.csproj", "{7DB265AA-653C-484A-AB5F-B1CE8233AE1B}"
EndProject
Project("{FAE04EC0-301F-11D3-BF4B-00C04F79EFBC}") = "ObservableBinding.WPF.AttachedProp", "ObservableBinding.WPF.AttachedProp\ObservableBinding.WPF.AttachedProp.csproj", "{5ECEC5C7-4DF8-4648-ACF1-D36F15E88400}"
EndProject
Project("{FAE04EC0-301F-11D3-BF4B-00C04F79EFBC}") = "ObservableBinding.WPF.Converter", "ObservableBinding.WPF.Converter\ObservableBinding.WPF.Converter.csproj", "{3656E1EB-2317-4DA7-930F-65EE81F251DC}"
EndProject
Project("{FAE04EC0-301F-11D3-BF4B-00C04F79EFBC}") = "Xam.Android", "Xam\Xam.Android\Xam.Android.csproj", "{02629657-5FF3-4515-9E94-1B70A2530443}"
EndProject
Project("{FAE04EC0-301F-11D3-BF4B-00C04F79EFBC}") = "Xam", "Xam\Xam\Xam.csproj", "{29429250-D43C-4D51-B825-BD5B153C93F7}"
EndProject
Project("{FAE04EC0-301F-11D3-BF4B-00C04F79EFBC}") = "Xam.UWP", "Xam\Xam.UWP\Xam.UWP.csproj", "{CB90BC99-1329-493E-B643-16A529BC30E7}"
EndProject
Project("{FAE04EC0-301F-11D3-BF4B-00C04F79EFBC}") = "Xam.iOS", "Xam\Xam.iOS\Xam.iOS.csproj", "{1E1D81AB-AC15-441F-94AE-25136F85F6C6}"
EndProject
Global
	GlobalSection(SolutionConfigurationPlatforms) = preSolution
		Ad-Hoc|Any CPU = Ad-Hoc|Any CPU
		Ad-Hoc|ARM = Ad-Hoc|ARM
		Ad-Hoc|iPhone = Ad-Hoc|iPhone
		Ad-Hoc|iPhoneSimulator = Ad-Hoc|iPhoneSimulator
		Ad-Hoc|x64 = Ad-Hoc|x64
		Ad-Hoc|x86 = Ad-Hoc|x86
		AppStore|Any CPU = AppStore|Any CPU
		AppStore|ARM = AppStore|ARM
		AppStore|iPhone = AppStore|iPhone
		AppStore|iPhoneSimulator = AppStore|iPhoneSimulator
		AppStore|x64 = AppStore|x64
		AppStore|x86 = AppStore|x86
		Debug|Any CPU = Debug|Any CPU
		Debug|ARM = Debug|ARM
		Debug|iPhone = Debug|iPhone
		Debug|iPhoneSimulator = Debug|iPhoneSimulator
		Debug|x64 = Debug|x64
		Debug|x86 = Debug|x86
		Release|Any CPU = Release|Any CPU
		Release|ARM = Release|ARM
		Release|iPhone = Release|iPhone
		Release|iPhoneSimulator = Release|iPhoneSimulator
		Release|x64 = Release|x64
		Release|x86 = Release|x86
	EndGlobalSection
	GlobalSection(ProjectConfigurationPlatforms) = postSolution
		{7CDC4901-C4FF-4688-81BA-5D9CD09DD9A5}.Ad-Hoc|Any CPU.ActiveCfg = Release|Any CPU
		{7CDC4901-C4FF-4688-81BA-5D9CD09DD9A5}.Ad-Hoc|Any CPU.Build.0 = Release|Any CPU
		{7CDC4901-C4FF-4688-81BA-5D9CD09DD9A5}.Ad-Hoc|ARM.ActiveCfg = Release|Any CPU
		{7CDC4901-C4FF-4688-81BA-5D9CD09DD9A5}.Ad-Hoc|ARM.Build.0 = Release|Any CPU
		{7CDC4901-C4FF-4688-81BA-5D9CD09DD9A5}.Ad-Hoc|iPhone.ActiveCfg = Release|Any CPU
		{7CDC4901-C4FF-4688-81BA-5D9CD09DD9A5}.Ad-Hoc|iPhone.Build.0 = Release|Any CPU
		{7CDC4901-C4FF-4688-81BA-5D9CD09DD9A5}.Ad-Hoc|iPhoneSimulator.ActiveCfg = Release|Any CPU
		{7CDC4901-C4FF-4688-81BA-5D9CD09DD9A5}.Ad-Hoc|iPhoneSimulator.Build.0 = Release|Any CPU
		{7CDC4901-C4FF-4688-81BA-5D9CD09DD9A5}.Ad-Hoc|x64.ActiveCfg = Release|Any CPU
		{7CDC4901-C4FF-4688-81BA-5D9CD09DD9A5}.Ad-Hoc|x64.Build.0 = Release|Any CPU
		{7CDC4901-C4FF-4688-81BA-5D9CD09DD9A5}.Ad-Hoc|x86.ActiveCfg = Release|Any CPU
		{7CDC4901-C4FF-4688-81BA-5D9CD09DD9A5}.Ad-Hoc|x86.Build.0 = Release|Any CPU
		{7CDC4901-C4FF-4688-81BA-5D9CD09DD9A5}.AppStore|Any CPU.ActiveCfg = Release|Any CPU
		{7CDC4901-C4FF-4688-81BA-5D9CD09DD9A5}.AppStore|Any CPU.Build.0 = Release|Any CPU
		{7CDC4901-C4FF-4688-81BA-5D9CD09DD9A5}.AppStore|ARM.ActiveCfg = Release|Any CPU
		{7CDC4901-C4FF-4688-81BA-5D9CD09DD9A5}.AppStore|ARM.Build.0 = Release|Any CPU
		{7CDC4901-C4FF-4688-81BA-5D9CD09DD9A5}.AppStore|iPhone.ActiveCfg = Release|Any CPU
		{7CDC4901-C4FF-4688-81BA-5D9CD09DD9A5}.AppStore|iPhone.Build.0 = Release|Any CPU
		{7CDC4901-C4FF-4688-81BA-5D9CD09DD9A5}.AppStore|iPhoneSimulator.ActiveCfg = Release|Any CPU
		{7CDC4901-C4FF-4688-81BA-5D9CD09DD9A5}.AppStore|iPhoneSimulator.Build.0 = Release|Any CPU
		{7CDC4901-C4FF-4688-81BA-5D9CD09DD9A5}.AppStore|x64.ActiveCfg = Release|Any CPU
		{7CDC4901-C4FF-4688-81BA-5D9CD09DD9A5}.AppStore|x64.Build.0 = Release|Any CPU
		{7CDC4901-C4FF-4688-81BA-5D9CD09DD9A5}.AppStore|x86.ActiveCfg = Release|Any CPU
		{7CDC4901-C4FF-4688-81BA-5D9CD09DD9A5}.AppStore|x86.Build.0 = Release|Any CPU
		{7CDC4901-C4FF-4688-81BA-5D9CD09DD9A5}.Debug|Any CPU.ActiveCfg = Debug|Any CPU
		{7CDC4901-C4FF-4688-81BA-5D9CD09DD9A5}.Debug|Any CPU.Build.0 = Debug|Any CPU
		{7CDC4901-C4FF-4688-81BA-5D9CD09DD9A5}.Debug|ARM.ActiveCfg = Debug|Any CPU
		{7CDC4901-C4FF-4688-81BA-5D9CD09DD9A5}.Debug|ARM.Build.0 = Debug|Any CPU
		{7CDC4901-C4FF-4688-81BA-5D9CD09DD9A5}.Debug|iPhone.ActiveCfg = Debug|Any CPU
		{7CDC4901-C4FF-4688-81BA-5D9CD09DD9A5}.Debug|iPhone.Build.0 = Debug|Any CPU
		{7CDC4901-C4FF-4688-81BA-5D9CD09DD9A5}.Debug|iPhoneSimulator.ActiveCfg = Debug|Any CPU
		{7CDC4901-C4FF-4688-81BA-5D9CD09DD9A5}.Debug|iPhoneSimulator.Build.0 = Debug|Any CPU
		{7CDC4901-C4FF-4688-81BA-5D9CD09DD9A5}.Debug|x64.ActiveCfg = Debug|Any CPU
		{7CDC4901-C4FF-4688-81BA-5D9CD09DD9A5}.Debug|x64.Build.0 = Debug|Any CPU
		{7CDC4901-C4FF-4688-81BA-5D9CD09DD9A5}.Debug|x86.ActiveCfg = Debug|Any CPU
		{7CDC4901-C4FF-4688-81BA-5D9CD09DD9A5}.Debug|x86.Build.0 = Debug|Any CPU
		{7CDC4901-C4FF-4688-81BA-5D9CD09DD9A5}.Release|Any CPU.ActiveCfg = Release|Any CPU
		{7CDC4901-C4FF-4688-81BA-5D9CD09DD9A5}.Release|Any CPU.Build.0 = Release|Any CPU
		{7CDC4901-C4FF-4688-81BA-5D9CD09DD9A5}.Release|ARM.ActiveCfg = Release|Any CPU
		{7CDC4901-C4FF-4688-81BA-5D9CD09DD9A5}.Release|ARM.Build.0 = Release|Any CPU
		{7CDC4901-C4FF-4688-81BA-5D9CD09DD9A5}.Release|iPhone.ActiveCfg = Release|Any CPU
		{7CDC4901-C4FF-4688-81BA-5D9CD09DD9A5}.Release|iPhone.Build.0 = Release|Any CPU
		{7CDC4901-C4FF-4688-81BA-5D9CD09DD9A5}.Release|iPhoneSimulator.ActiveCfg = Release|Any CPU
		{7CDC4901-C4FF-4688-81BA-5D9CD09DD9A5}.Release|iPhoneSimulator.Build.0 = Release|Any CPU
		{7CDC4901-C4FF-4688-81BA-5D9CD09DD9A5}.Release|x64.ActiveCfg = Release|Any CPU
		{7CDC4901-C4FF-4688-81BA-5D9CD09DD9A5}.Release|x64.Build.0 = Release|Any CPU
		{7CDC4901-C4FF-4688-81BA-5D9CD09DD9A5}.Release|x86.ActiveCfg = Release|Any CPU
		{7CDC4901-C4FF-4688-81BA-5D9CD09DD9A5}.Release|x86.Build.0 = Release|Any CPU
		{2B5E3B22-DBF1-4FF0-B3D3-82378197E03E}.Ad-Hoc|Any CPU.ActiveCfg = Release|Any CPU
		{2B5E3B22-DBF1-4FF0-B3D3-82378197E03E}.Ad-Hoc|Any CPU.Build.0 = Release|Any CPU
		{2B5E3B22-DBF1-4FF0-B3D3-82378197E03E}.Ad-Hoc|ARM.ActiveCfg = Release|Any CPU
		{2B5E3B22-DBF1-4FF0-B3D3-82378197E03E}.Ad-Hoc|ARM.Build.0 = Release|Any CPU
		{2B5E3B22-DBF1-4FF0-B3D3-82378197E03E}.Ad-Hoc|iPhone.ActiveCfg = Release|Any CPU
		{2B5E3B22-DBF1-4FF0-B3D3-82378197E03E}.Ad-Hoc|iPhone.Build.0 = Release|Any CPU
		{2B5E3B22-DBF1-4FF0-B3D3-82378197E03E}.Ad-Hoc|iPhoneSimulator.ActiveCfg = Release|Any CPU
		{2B5E3B22-DBF1-4FF0-B3D3-82378197E03E}.Ad-Hoc|iPhoneSimulator.Build.0 = Release|Any CPU
		{2B5E3B22-DBF1-4FF0-B3D3-82378197E03E}.Ad-Hoc|x64.ActiveCfg = Release|Any CPU
		{2B5E3B22-DBF1-4FF0-B3D3-82378197E03E}.Ad-Hoc|x64.Build.0 = Release|Any CPU
		{2B5E3B22-DBF1-4FF0-B3D3-82378197E03E}.Ad-Hoc|x86.ActiveCfg = Release|Any CPU
		{2B5E3B22-DBF1-4FF0-B3D3-82378197E03E}.Ad-Hoc|x86.Build.0 = Release|Any CPU
		{2B5E3B22-DBF1-4FF0-B3D3-82378197E03E}.AppStore|Any CPU.ActiveCfg = Release|Any CPU
		{2B5E3B22-DBF1-4FF0-B3D3-82378197E03E}.AppStore|Any CPU.Build.0 = Release|Any CPU
		{2B5E3B22-DBF1-4FF0-B3D3-82378197E03E}.AppStore|ARM.ActiveCfg = Release|Any CPU
		{2B5E3B22-DBF1-4FF0-B3D3-82378197E03E}.AppStore|ARM.Build.0 = Release|Any CPU
		{2B5E3B22-DBF1-4FF0-B3D3-82378197E03E}.AppStore|iPhone.ActiveCfg = Release|Any CPU
		{2B5E3B22-DBF1-4FF0-B3D3-82378197E03E}.AppStore|iPhone.Build.0 = Release|Any CPU
		{2B5E3B22-DBF1-4FF0-B3D3-82378197E03E}.AppStore|iPhoneSimulator.ActiveCfg = Release|Any CPU
		{2B5E3B22-DBF1-4FF0-B3D3-82378197E03E}.AppStore|iPhoneSimulator.Build.0 = Release|Any CPU
		{2B5E3B22-DBF1-4FF0-B3D3-82378197E03E}.AppStore|x64.ActiveCfg = Release|Any CPU
		{2B5E3B22-DBF1-4FF0-B3D3-82378197E03E}.AppStore|x64.Build.0 = Release|Any CPU
		{2B5E3B22-DBF1-4FF0-B3D3-82378197E03E}.AppStore|x86.ActiveCfg = Release|Any CPU
		{2B5E3B22-DBF1-4FF0-B3D3-82378197E03E}.AppStore|x86.Build.0 = Release|Any CPU
		{2B5E3B22-DBF1-4FF0-B3D3-82378197E03E}.Debug|Any CPU.ActiveCfg = Debug|Any CPU
		{2B5E3B22-DBF1-4FF0-B3D3-82378197E03E}.Debug|Any CPU.Build.0 = Debug|Any CPU
		{2B5E3B22-DBF1-4FF0-B3D3-82378197E03E}.Debug|ARM.ActiveCfg = Debug|Any CPU
		{2B5E3B22-DBF1-4FF0-B3D3-82378197E03E}.Debug|ARM.Build.0 = Debug|Any CPU
		{2B5E3B22-DBF1-4FF0-B3D3-82378197E03E}.Debug|iPhone.ActiveCfg = Debug|Any CPU
		{2B5E3B22-DBF1-4FF0-B3D3-82378197E03E}.Debug|iPhone.Build.0 = Debug|Any CPU
		{2B5E3B22-DBF1-4FF0-B3D3-82378197E03E}.Debug|iPhoneSimulator.ActiveCfg = Debug|Any CPU
		{2B5E3B22-DBF1-4FF0-B3D3-82378197E03E}.Debug|iPhoneSimulator.Build.0 = Debug|Any CPU
		{2B5E3B22-DBF1-4FF0-B3D3-82378197E03E}.Debug|x64.ActiveCfg = Debug|Any CPU
		{2B5E3B22-DBF1-4FF0-B3D3-82378197E03E}.Debug|x64.Build.0 = Debug|Any CPU
		{2B5E3B22-DBF1-4FF0-B3D3-82378197E03E}.Debug|x86.ActiveCfg = Debug|Any CPU
		{2B5E3B22-DBF1-4FF0-B3D3-82378197E03E}.Debug|x86.Build.0 = Debug|Any CPU
		{2B5E3B22-DBF1-4FF0-B3D3-82378197E03E}.Release|Any CPU.ActiveCfg = Release|Any CPU
		{2B5E3B22-DBF1-4FF0-B3D3-82378197E03E}.Release|Any CPU.Build.0 = Release|Any CPU
		{2B5E3B22-DBF1-4FF0-B3D3-82378197E03E}.Release|ARM.ActiveCfg = Release|Any CPU
		{2B5E3B22-DBF1-4FF0-B3D3-82378197E03E}.Release|ARM.Build.0 = Release|Any CPU
		{2B5E3B22-DBF1-4FF0-B3D3-82378197E03E}.Release|iPhone.ActiveCfg = Release|Any CPU
		{2B5E3B22-DBF1-4FF0-B3D3-82378197E03E}.Release|iPhone.Build.0 = Release|Any CPU
		{2B5E3B22-DBF1-4FF0-B3D3-82378197E03E}.Release|iPhoneSimulator.ActiveCfg = Release|Any CPU
		{2B5E3B22-DBF1-4FF0-B3D3-82378197E03E}.Release|iPhoneSimulator.Build.0 = Release|Any CPU
		{2B5E3B22-DBF1-4FF0-B3D3-82378197E03E}.Release|x64.ActiveCfg = Release|Any CPU
		{2B5E3B22-DBF1-4FF0-B3D3-82378197E03E}.Release|x64.Build.0 = Release|Any CPU
		{2B5E3B22-DBF1-4FF0-B3D3-82378197E03E}.Release|x86.ActiveCfg = Release|Any CPU
		{2B5E3B22-DBF1-4FF0-B3D3-82378197E03E}.Release|x86.Build.0 = Release|Any CPU
		{7DB265AA-653C-484A-AB5F-B1CE8233AE1B}.Ad-Hoc|Any CPU.ActiveCfg = Release|x64
		{7DB265AA-653C-484A-AB5F-B1CE8233AE1B}.Ad-Hoc|Any CPU.Build.0 = Release|x64
		{7DB265AA-653C-484A-AB5F-B1CE8233AE1B}.Ad-Hoc|Any CPU.Deploy.0 = Release|x64
		{7DB265AA-653C-484A-AB5F-B1CE8233AE1B}.Ad-Hoc|ARM.ActiveCfg = Release|ARM
		{7DB265AA-653C-484A-AB5F-B1CE8233AE1B}.Ad-Hoc|ARM.Build.0 = Release|ARM
		{7DB265AA-653C-484A-AB5F-B1CE8233AE1B}.Ad-Hoc|ARM.Deploy.0 = Release|ARM
		{7DB265AA-653C-484A-AB5F-B1CE8233AE1B}.Ad-Hoc|iPhone.ActiveCfg = Release|x64
		{7DB265AA-653C-484A-AB5F-B1CE8233AE1B}.Ad-Hoc|iPhone.Build.0 = Release|x64
		{7DB265AA-653C-484A-AB5F-B1CE8233AE1B}.Ad-Hoc|iPhone.Deploy.0 = Release|x64
		{7DB265AA-653C-484A-AB5F-B1CE8233AE1B}.Ad-Hoc|iPhoneSimulator.ActiveCfg = Release|x64
		{7DB265AA-653C-484A-AB5F-B1CE8233AE1B}.Ad-Hoc|iPhoneSimulator.Build.0 = Release|x64
		{7DB265AA-653C-484A-AB5F-B1CE8233AE1B}.Ad-Hoc|iPhoneSimulator.Deploy.0 = Release|x64
		{7DB265AA-653C-484A-AB5F-B1CE8233AE1B}.Ad-Hoc|x64.ActiveCfg = Release|x64
		{7DB265AA-653C-484A-AB5F-B1CE8233AE1B}.Ad-Hoc|x64.Build.0 = Release|x64
		{7DB265AA-653C-484A-AB5F-B1CE8233AE1B}.Ad-Hoc|x64.Deploy.0 = Release|x64
		{7DB265AA-653C-484A-AB5F-B1CE8233AE1B}.Ad-Hoc|x86.ActiveCfg = Release|x86
		{7DB265AA-653C-484A-AB5F-B1CE8233AE1B}.Ad-Hoc|x86.Build.0 = Release|x86
		{7DB265AA-653C-484A-AB5F-B1CE8233AE1B}.Ad-Hoc|x86.Deploy.0 = Release|x86
		{7DB265AA-653C-484A-AB5F-B1CE8233AE1B}.AppStore|Any CPU.ActiveCfg = Release|x64
		{7DB265AA-653C-484A-AB5F-B1CE8233AE1B}.AppStore|Any CPU.Build.0 = Release|x64
		{7DB265AA-653C-484A-AB5F-B1CE8233AE1B}.AppStore|Any CPU.Deploy.0 = Release|x64
		{7DB265AA-653C-484A-AB5F-B1CE8233AE1B}.AppStore|ARM.ActiveCfg = Release|ARM
		{7DB265AA-653C-484A-AB5F-B1CE8233AE1B}.AppStore|ARM.Build.0 = Release|ARM
		{7DB265AA-653C-484A-AB5F-B1CE8233AE1B}.AppStore|ARM.Deploy.0 = Release|ARM
		{7DB265AA-653C-484A-AB5F-B1CE8233AE1B}.AppStore|iPhone.ActiveCfg = Release|x64
		{7DB265AA-653C-484A-AB5F-B1CE8233AE1B}.AppStore|iPhone.Build.0 = Release|x64
		{7DB265AA-653C-484A-AB5F-B1CE8233AE1B}.AppStore|iPhone.Deploy.0 = Release|x64
		{7DB265AA-653C-484A-AB5F-B1CE8233AE1B}.AppStore|iPhoneSimulator.ActiveCfg = Release|x64
		{7DB265AA-653C-484A-AB5F-B1CE8233AE1B}.AppStore|iPhoneSimulator.Build.0 = Release|x64
		{7DB265AA-653C-484A-AB5F-B1CE8233AE1B}.AppStore|iPhoneSimulator.Deploy.0 = Release|x64
		{7DB265AA-653C-484A-AB5F-B1CE8233AE1B}.AppStore|x64.ActiveCfg = Release|x64
		{7DB265AA-653C-484A-AB5F-B1CE8233AE1B}.AppStore|x64.Build.0 = Release|x64
		{7DB265AA-653C-484A-AB5F-B1CE8233AE1B}.AppStore|x64.Deploy.0 = Release|x64
		{7DB265AA-653C-484A-AB5F-B1CE8233AE1B}.AppStore|x86.ActiveCfg = Release|x86
		{7DB265AA-653C-484A-AB5F-B1CE8233AE1B}.AppStore|x86.Build.0 = Release|x86
		{7DB265AA-653C-484A-AB5F-B1CE8233AE1B}.AppStore|x86.Deploy.0 = Release|x86
		{7DB265AA-653C-484A-AB5F-B1CE8233AE1B}.Debug|Any CPU.ActiveCfg = Debug|x86
		{7DB265AA-653C-484A-AB5F-B1CE8233AE1B}.Debug|ARM.ActiveCfg = Debug|ARM
		{7DB265AA-653C-484A-AB5F-B1CE8233AE1B}.Debug|ARM.Build.0 = Debug|ARM
		{7DB265AA-653C-484A-AB5F-B1CE8233AE1B}.Debug|ARM.Deploy.0 = Debug|ARM
		{7DB265AA-653C-484A-AB5F-B1CE8233AE1B}.Debug|iPhone.ActiveCfg = Debug|x86
		{7DB265AA-653C-484A-AB5F-B1CE8233AE1B}.Debug|iPhoneSimulator.ActiveCfg = Debug|x86
		{7DB265AA-653C-484A-AB5F-B1CE8233AE1B}.Debug|x64.ActiveCfg = Debug|x64
		{7DB265AA-653C-484A-AB5F-B1CE8233AE1B}.Debug|x64.Build.0 = Debug|x64
		{7DB265AA-653C-484A-AB5F-B1CE8233AE1B}.Debug|x64.Deploy.0 = Debug|x64
		{7DB265AA-653C-484A-AB5F-B1CE8233AE1B}.Debug|x86.ActiveCfg = Debug|x86
		{7DB265AA-653C-484A-AB5F-B1CE8233AE1B}.Debug|x86.Build.0 = Debug|x86
		{7DB265AA-653C-484A-AB5F-B1CE8233AE1B}.Debug|x86.Deploy.0 = Debug|x86
		{7DB265AA-653C-484A-AB5F-B1CE8233AE1B}.Release|Any CPU.ActiveCfg = Release|x86
		{7DB265AA-653C-484A-AB5F-B1CE8233AE1B}.Release|ARM.ActiveCfg = Release|ARM
		{7DB265AA-653C-484A-AB5F-B1CE8233AE1B}.Release|ARM.Build.0 = Release|ARM
		{7DB265AA-653C-484A-AB5F-B1CE8233AE1B}.Release|ARM.Deploy.0 = Release|ARM
		{7DB265AA-653C-484A-AB5F-B1CE8233AE1B}.Release|iPhone.ActiveCfg = Release|x86
		{7DB265AA-653C-484A-AB5F-B1CE8233AE1B}.Release|iPhoneSimulator.ActiveCfg = Release|x86
		{7DB265AA-653C-484A-AB5F-B1CE8233AE1B}.Release|x64.ActiveCfg = Release|x64
		{7DB265AA-653C-484A-AB5F-B1CE8233AE1B}.Release|x64.Build.0 = Release|x64
		{7DB265AA-653C-484A-AB5F-B1CE8233AE1B}.Release|x64.Deploy.0 = Release|x64
		{7DB265AA-653C-484A-AB5F-B1CE8233AE1B}.Release|x86.ActiveCfg = Release|x86
		{7DB265AA-653C-484A-AB5F-B1CE8233AE1B}.Release|x86.Build.0 = Release|x86
		{7DB265AA-653C-484A-AB5F-B1CE8233AE1B}.Release|x86.Deploy.0 = Release|x86
		{5ECEC5C7-4DF8-4648-ACF1-D36F15E88400}.Ad-Hoc|Any CPU.ActiveCfg = Release|Any CPU
		{5ECEC5C7-4DF8-4648-ACF1-D36F15E88400}.Ad-Hoc|Any CPU.Build.0 = Release|Any CPU
		{5ECEC5C7-4DF8-4648-ACF1-D36F15E88400}.Ad-Hoc|ARM.ActiveCfg = Release|Any CPU
		{5ECEC5C7-4DF8-4648-ACF1-D36F15E88400}.Ad-Hoc|ARM.Build.0 = Release|Any CPU
		{5ECEC5C7-4DF8-4648-ACF1-D36F15E88400}.Ad-Hoc|iPhone.ActiveCfg = Release|Any CPU
		{5ECEC5C7-4DF8-4648-ACF1-D36F15E88400}.Ad-Hoc|iPhone.Build.0 = Release|Any CPU
		{5ECEC5C7-4DF8-4648-ACF1-D36F15E88400}.Ad-Hoc|iPhoneSimulator.ActiveCfg = Release|Any CPU
		{5ECEC5C7-4DF8-4648-ACF1-D36F15E88400}.Ad-Hoc|iPhoneSimulator.Build.0 = Release|Any CPU
		{5ECEC5C7-4DF8-4648-ACF1-D36F15E88400}.Ad-Hoc|x64.ActiveCfg = Release|Any CPU
		{5ECEC5C7-4DF8-4648-ACF1-D36F15E88400}.Ad-Hoc|x64.Build.0 = Release|Any CPU
		{5ECEC5C7-4DF8-4648-ACF1-D36F15E88400}.Ad-Hoc|x86.ActiveCfg = Release|Any CPU
		{5ECEC5C7-4DF8-4648-ACF1-D36F15E88400}.Ad-Hoc|x86.Build.0 = Release|Any CPU
		{5ECEC5C7-4DF8-4648-ACF1-D36F15E88400}.AppStore|Any CPU.ActiveCfg = Release|Any CPU
		{5ECEC5C7-4DF8-4648-ACF1-D36F15E88400}.AppStore|Any CPU.Build.0 = Release|Any CPU
		{5ECEC5C7-4DF8-4648-ACF1-D36F15E88400}.AppStore|ARM.ActiveCfg = Release|Any CPU
		{5ECEC5C7-4DF8-4648-ACF1-D36F15E88400}.AppStore|ARM.Build.0 = Release|Any CPU
		{5ECEC5C7-4DF8-4648-ACF1-D36F15E88400}.AppStore|iPhone.ActiveCfg = Release|Any CPU
		{5ECEC5C7-4DF8-4648-ACF1-D36F15E88400}.AppStore|iPhone.Build.0 = Release|Any CPU
		{5ECEC5C7-4DF8-4648-ACF1-D36F15E88400}.AppStore|iPhoneSimulator.ActiveCfg = Release|Any CPU
		{5ECEC5C7-4DF8-4648-ACF1-D36F15E88400}.AppStore|iPhoneSimulator.Build.0 = Release|Any CPU
		{5ECEC5C7-4DF8-4648-ACF1-D36F15E88400}.AppStore|x64.ActiveCfg = Release|Any CPU
		{5ECEC5C7-4DF8-4648-ACF1-D36F15E88400}.AppStore|x64.Build.0 = Release|Any CPU
		{5ECEC5C7-4DF8-4648-ACF1-D36F15E88400}.AppStore|x86.ActiveCfg = Release|Any CPU
		{5ECEC5C7-4DF8-4648-ACF1-D36F15E88400}.AppStore|x86.Build.0 = Release|Any CPU
		{5ECEC5C7-4DF8-4648-ACF1-D36F15E88400}.Debug|Any CPU.ActiveCfg = Debug|Any CPU
		{5ECEC5C7-4DF8-4648-ACF1-D36F15E88400}.Debug|Any CPU.Build.0 = Debug|Any CPU
		{5ECEC5C7-4DF8-4648-ACF1-D36F15E88400}.Debug|ARM.ActiveCfg = Debug|Any CPU
		{5ECEC5C7-4DF8-4648-ACF1-D36F15E88400}.Debug|ARM.Build.0 = Debug|Any CPU
		{5ECEC5C7-4DF8-4648-ACF1-D36F15E88400}.Debug|iPhone.ActiveCfg = Debug|Any CPU
		{5ECEC5C7-4DF8-4648-ACF1-D36F15E88400}.Debug|iPhone.Build.0 = Debug|Any CPU
		{5ECEC5C7-4DF8-4648-ACF1-D36F15E88400}.Debug|iPhoneSimulator.ActiveCfg = Debug|Any CPU
		{5ECEC5C7-4DF8-4648-ACF1-D36F15E88400}.Debug|iPhoneSimulator.Build.0 = Debug|Any CPU
		{5ECEC5C7-4DF8-4648-ACF1-D36F15E88400}.Debug|x64.ActiveCfg = Debug|Any CPU
		{5ECEC5C7-4DF8-4648-ACF1-D36F15E88400}.Debug|x64.Build.0 = Debug|Any CPU
		{5ECEC5C7-4DF8-4648-ACF1-D36F15E88400}.Debug|x86.ActiveCfg = Debug|Any CPU
		{5ECEC5C7-4DF8-4648-ACF1-D36F15E88400}.Debug|x86.Build.0 = Debug|Any CPU
		{5ECEC5C7-4DF8-4648-ACF1-D36F15E88400}.Release|Any CPU.ActiveCfg = Release|Any CPU
		{5ECEC5C7-4DF8-4648-ACF1-D36F15E88400}.Release|Any CPU.Build.0 = Release|Any CPU
		{5ECEC5C7-4DF8-4648-ACF1-D36F15E88400}.Release|ARM.ActiveCfg = Release|Any CPU
		{5ECEC5C7-4DF8-4648-ACF1-D36F15E88400}.Release|ARM.Build.0 = Release|Any CPU
		{5ECEC5C7-4DF8-4648-ACF1-D36F15E88400}.Release|iPhone.ActiveCfg = Release|Any CPU
		{5ECEC5C7-4DF8-4648-ACF1-D36F15E88400}.Release|iPhone.Build.0 = Release|Any CPU
		{5ECEC5C7-4DF8-4648-ACF1-D36F15E88400}.Release|iPhoneSimulator.ActiveCfg = Release|Any CPU
		{5ECEC5C7-4DF8-4648-ACF1-D36F15E88400}.Release|iPhoneSimulator.Build.0 = Release|Any CPU
		{5ECEC5C7-4DF8-4648-ACF1-D36F15E88400}.Release|x64.ActiveCfg = Release|Any CPU
		{5ECEC5C7-4DF8-4648-ACF1-D36F15E88400}.Release|x64.Build.0 = Release|Any CPU
		{5ECEC5C7-4DF8-4648-ACF1-D36F15E88400}.Release|x86.ActiveCfg = Release|Any CPU
		{5ECEC5C7-4DF8-4648-ACF1-D36F15E88400}.Release|x86.Build.0 = Release|Any CPU
		{3656E1EB-2317-4DA7-930F-65EE81F251DC}.Ad-Hoc|Any CPU.ActiveCfg = Release|Any CPU
		{3656E1EB-2317-4DA7-930F-65EE81F251DC}.Ad-Hoc|Any CPU.Build.0 = Release|Any CPU
		{3656E1EB-2317-4DA7-930F-65EE81F251DC}.Ad-Hoc|ARM.ActiveCfg = Release|Any CPU
		{3656E1EB-2317-4DA7-930F-65EE81F251DC}.Ad-Hoc|ARM.Build.0 = Release|Any CPU
		{3656E1EB-2317-4DA7-930F-65EE81F251DC}.Ad-Hoc|iPhone.ActiveCfg = Release|Any CPU
		{3656E1EB-2317-4DA7-930F-65EE81F251DC}.Ad-Hoc|iPhone.Build.0 = Release|Any CPU
		{3656E1EB-2317-4DA7-930F-65EE81F251DC}.Ad-Hoc|iPhoneSimulator.ActiveCfg = Release|Any CPU
		{3656E1EB-2317-4DA7-930F-65EE81F251DC}.Ad-Hoc|iPhoneSimulator.Build.0 = Release|Any CPU
		{3656E1EB-2317-4DA7-930F-65EE81F251DC}.Ad-Hoc|x64.ActiveCfg = Release|Any CPU
		{3656E1EB-2317-4DA7-930F-65EE81F251DC}.Ad-Hoc|x64.Build.0 = Release|Any CPU
		{3656E1EB-2317-4DA7-930F-65EE81F251DC}.Ad-Hoc|x86.ActiveCfg = Release|Any CPU
		{3656E1EB-2317-4DA7-930F-65EE81F251DC}.Ad-Hoc|x86.Build.0 = Release|Any CPU
		{3656E1EB-2317-4DA7-930F-65EE81F251DC}.AppStore|Any CPU.ActiveCfg = Release|Any CPU
		{3656E1EB-2317-4DA7-930F-65EE81F251DC}.AppStore|Any CPU.Build.0 = Release|Any CPU
		{3656E1EB-2317-4DA7-930F-65EE81F251DC}.AppStore|ARM.ActiveCfg = Release|Any CPU
		{3656E1EB-2317-4DA7-930F-65EE81F251DC}.AppStore|ARM.Build.0 = Release|Any CPU
		{3656E1EB-2317-4DA7-930F-65EE81F251DC}.AppStore|iPhone.ActiveCfg = Release|Any CPU
		{3656E1EB-2317-4DA7-930F-65EE81F251DC}.AppStore|iPhone.Build.0 = Release|Any CPU
		{3656E1EB-2317-4DA7-930F-65EE81F251DC}.AppStore|iPhoneSimulator.ActiveCfg = Release|Any CPU
		{3656E1EB-2317-4DA7-930F-65EE81F251DC}.AppStore|iPhoneSimulator.Build.0 = Release|Any CPU
		{3656E1EB-2317-4DA7-930F-65EE81F251DC}.AppStore|x64.ActiveCfg = Release|Any CPU
		{3656E1EB-2317-4DA7-930F-65EE81F251DC}.AppStore|x64.Build.0 = Release|Any CPU
		{3656E1EB-2317-4DA7-930F-65EE81F251DC}.AppStore|x86.ActiveCfg = Release|Any CPU
		{3656E1EB-2317-4DA7-930F-65EE81F251DC}.AppStore|x86.Build.0 = Release|Any CPU
		{3656E1EB-2317-4DA7-930F-65EE81F251DC}.Debug|Any CPU.ActiveCfg = Debug|Any CPU
		{3656E1EB-2317-4DA7-930F-65EE81F251DC}.Debug|Any CPU.Build.0 = Debug|Any CPU
		{3656E1EB-2317-4DA7-930F-65EE81F251DC}.Debug|ARM.ActiveCfg = Debug|Any CPU
		{3656E1EB-2317-4DA7-930F-65EE81F251DC}.Debug|ARM.Build.0 = Debug|Any CPU
		{3656E1EB-2317-4DA7-930F-65EE81F251DC}.Debug|iPhone.ActiveCfg = Debug|Any CPU
		{3656E1EB-2317-4DA7-930F-65EE81F251DC}.Debug|iPhone.Build.0 = Debug|Any CPU
		{3656E1EB-2317-4DA7-930F-65EE81F251DC}.Debug|iPhoneSimulator.ActiveCfg = Debug|Any CPU
		{3656E1EB-2317-4DA7-930F-65EE81F251DC}.Debug|iPhoneSimulator.Build.0 = Debug|Any CPU
		{3656E1EB-2317-4DA7-930F-65EE81F251DC}.Debug|x64.ActiveCfg = Debug|Any CPU
		{3656E1EB-2317-4DA7-930F-65EE81F251DC}.Debug|x64.Build.0 = Debug|Any CPU
		{3656E1EB-2317-4DA7-930F-65EE81F251DC}.Debug|x86.ActiveCfg = Debug|Any CPU
		{3656E1EB-2317-4DA7-930F-65EE81F251DC}.Debug|x86.Build.0 = Debug|Any CPU
		{3656E1EB-2317-4DA7-930F-65EE81F251DC}.Release|Any CPU.ActiveCfg = Release|Any CPU
		{3656E1EB-2317-4DA7-930F-65EE81F251DC}.Release|Any CPU.Build.0 = Release|Any CPU
		{3656E1EB-2317-4DA7-930F-65EE81F251DC}.Release|ARM.ActiveCfg = Release|Any CPU
		{3656E1EB-2317-4DA7-930F-65EE81F251DC}.Release|ARM.Build.0 = Release|Any CPU
		{3656E1EB-2317-4DA7-930F-65EE81F251DC}.Release|iPhone.ActiveCfg = Release|Any CPU
		{3656E1EB-2317-4DA7-930F-65EE81F251DC}.Release|iPhone.Build.0 = Release|Any CPU
		{3656E1EB-2317-4DA7-930F-65EE81F251DC}.Release|iPhoneSimulator.ActiveCfg = Release|Any CPU
		{3656E1EB-2317-4DA7-930F-65EE81F251DC}.Release|iPhoneSimulator.Build.0 = Release|Any CPU
		{3656E1EB-2317-4DA7-930F-65EE81F251DC}.Release|x64.ActiveCfg = Release|Any CPU
		{3656E1EB-2317-4DA7-930F-65EE81F251DC}.Release|x64.Build.0 = Release|Any CPU
		{3656E1EB-2317-4DA7-930F-65EE81F251DC}.Release|x86.ActiveCfg = Release|Any CPU
		{3656E1EB-2317-4DA7-930F-65EE81F251DC}.Release|x86.Build.0 = Release|Any CPU
		{02629657-5FF3-4515-9E94-1B70A2530443}.Ad-Hoc|Any CPU.ActiveCfg = Release|Any CPU
		{02629657-5FF3-4515-9E94-1B70A2530443}.Ad-Hoc|Any CPU.Build.0 = Release|Any CPU
		{02629657-5FF3-4515-9E94-1B70A2530443}.Ad-Hoc|Any CPU.Deploy.0 = Release|Any CPU
		{02629657-5FF3-4515-9E94-1B70A2530443}.Ad-Hoc|ARM.ActiveCfg = Release|Any CPU
		{02629657-5FF3-4515-9E94-1B70A2530443}.Ad-Hoc|ARM.Build.0 = Release|Any CPU
		{02629657-5FF3-4515-9E94-1B70A2530443}.Ad-Hoc|ARM.Deploy.0 = Release|Any CPU
		{02629657-5FF3-4515-9E94-1B70A2530443}.Ad-Hoc|iPhone.ActiveCfg = Release|Any CPU
		{02629657-5FF3-4515-9E94-1B70A2530443}.Ad-Hoc|iPhone.Build.0 = Release|Any CPU
		{02629657-5FF3-4515-9E94-1B70A2530443}.Ad-Hoc|iPhone.Deploy.0 = Release|Any CPU
		{02629657-5FF3-4515-9E94-1B70A2530443}.Ad-Hoc|iPhoneSimulator.ActiveCfg = Release|Any CPU
		{02629657-5FF3-4515-9E94-1B70A2530443}.Ad-Hoc|iPhoneSimulator.Build.0 = Release|Any CPU
		{02629657-5FF3-4515-9E94-1B70A2530443}.Ad-Hoc|iPhoneSimulator.Deploy.0 = Release|Any CPU
		{02629657-5FF3-4515-9E94-1B70A2530443}.Ad-Hoc|x64.ActiveCfg = Release|Any CPU
		{02629657-5FF3-4515-9E94-1B70A2530443}.Ad-Hoc|x64.Build.0 = Release|Any CPU
		{02629657-5FF3-4515-9E94-1B70A2530443}.Ad-Hoc|x64.Deploy.0 = Release|Any CPU
		{02629657-5FF3-4515-9E94-1B70A2530443}.Ad-Hoc|x86.ActiveCfg = Release|Any CPU
		{02629657-5FF3-4515-9E94-1B70A2530443}.Ad-Hoc|x86.Build.0 = Release|Any CPU
		{02629657-5FF3-4515-9E94-1B70A2530443}.Ad-Hoc|x86.Deploy.0 = Release|Any CPU
		{02629657-5FF3-4515-9E94-1B70A2530443}.AppStore|Any CPU.ActiveCfg = Release|Any CPU
		{02629657-5FF3-4515-9E94-1B70A2530443}.AppStore|Any CPU.Build.0 = Release|Any CPU
		{02629657-5FF3-4515-9E94-1B70A2530443}.AppStore|Any CPU.Deploy.0 = Release|Any CPU
		{02629657-5FF3-4515-9E94-1B70A2530443}.AppStore|ARM.ActiveCfg = Release|Any CPU
		{02629657-5FF3-4515-9E94-1B70A2530443}.AppStore|ARM.Build.0 = Release|Any CPU
		{02629657-5FF3-4515-9E94-1B70A2530443}.AppStore|ARM.Deploy.0 = Release|Any CPU
		{02629657-5FF3-4515-9E94-1B70A2530443}.AppStore|iPhone.ActiveCfg = Release|Any CPU
		{02629657-5FF3-4515-9E94-1B70A2530443}.AppStore|iPhone.Build.0 = Release|Any CPU
		{02629657-5FF3-4515-9E94-1B70A2530443}.AppStore|iPhone.Deploy.0 = Release|Any CPU
		{02629657-5FF3-4515-9E94-1B70A2530443}.AppStore|iPhoneSimulator.ActiveCfg = Release|Any CPU
		{02629657-5FF3-4515-9E94-1B70A2530443}.AppStore|iPhoneSimulator.Build.0 = Release|Any CPU
		{02629657-5FF3-4515-9E94-1B70A2530443}.AppStore|iPhoneSimulator.Deploy.0 = Release|Any CPU
		{02629657-5FF3-4515-9E94-1B70A2530443}.AppStore|x64.ActiveCfg = Release|Any CPU
		{02629657-5FF3-4515-9E94-1B70A2530443}.AppStore|x64.Build.0 = Release|Any CPU
		{02629657-5FF3-4515-9E94-1B70A2530443}.AppStore|x64.Deploy.0 = Release|Any CPU
		{02629657-5FF3-4515-9E94-1B70A2530443}.AppStore|x86.ActiveCfg = Release|Any CPU
		{02629657-5FF3-4515-9E94-1B70A2530443}.AppStore|x86.Build.0 = Release|Any CPU
		{02629657-5FF3-4515-9E94-1B70A2530443}.AppStore|x86.Deploy.0 = Release|Any CPU
		{02629657-5FF3-4515-9E94-1B70A2530443}.Debug|Any CPU.ActiveCfg = Debug|Any CPU
		{02629657-5FF3-4515-9E94-1B70A2530443}.Debug|Any CPU.Build.0 = Debug|Any CPU
		{02629657-5FF3-4515-9E94-1B70A2530443}.Debug|Any CPU.Deploy.0 = Debug|Any CPU
		{02629657-5FF3-4515-9E94-1B70A2530443}.Debug|ARM.ActiveCfg = Debug|Any CPU
		{02629657-5FF3-4515-9E94-1B70A2530443}.Debug|ARM.Build.0 = Debug|Any CPU
		{02629657-5FF3-4515-9E94-1B70A2530443}.Debug|ARM.Deploy.0 = Debug|Any CPU
		{02629657-5FF3-4515-9E94-1B70A2530443}.Debug|iPhone.ActiveCfg = Debug|Any CPU
		{02629657-5FF3-4515-9E94-1B70A2530443}.Debug|iPhone.Build.0 = Debug|Any CPU
		{02629657-5FF3-4515-9E94-1B70A2530443}.Debug|iPhone.Deploy.0 = Debug|Any CPU
		{02629657-5FF3-4515-9E94-1B70A2530443}.Debug|iPhoneSimulator.ActiveCfg = Debug|Any CPU
		{02629657-5FF3-4515-9E94-1B70A2530443}.Debug|iPhoneSimulator.Build.0 = Debug|Any CPU
		{02629657-5FF3-4515-9E94-1B70A2530443}.Debug|iPhoneSimulator.Deploy.0 = Debug|Any CPU
		{02629657-5FF3-4515-9E94-1B70A2530443}.Debug|x64.ActiveCfg = Debug|Any CPU
		{02629657-5FF3-4515-9E94-1B70A2530443}.Debug|x64.Build.0 = Debug|Any CPU
		{02629657-5FF3-4515-9E94-1B70A2530443}.Debug|x64.Deploy.0 = Debug|Any CPU
		{02629657-5FF3-4515-9E94-1B70A2530443}.Debug|x86.ActiveCfg = Debug|Any CPU
		{02629657-5FF3-4515-9E94-1B70A2530443}.Debug|x86.Build.0 = Debug|Any CPU
		{02629657-5FF3-4515-9E94-1B70A2530443}.Debug|x86.Deploy.0 = Debug|Any CPU
		{02629657-5FF3-4515-9E94-1B70A2530443}.Release|Any CPU.ActiveCfg = Release|Any CPU
		{02629657-5FF3-4515-9E94-1B70A2530443}.Release|Any CPU.Build.0 = Release|Any CPU
		{02629657-5FF3-4515-9E94-1B70A2530443}.Release|Any CPU.Deploy.0 = Release|Any CPU
		{02629657-5FF3-4515-9E94-1B70A2530443}.Release|ARM.ActiveCfg = Release|Any CPU
		{02629657-5FF3-4515-9E94-1B70A2530443}.Release|ARM.Build.0 = Release|Any CPU
		{02629657-5FF3-4515-9E94-1B70A2530443}.Release|ARM.Deploy.0 = Release|Any CPU
		{02629657-5FF3-4515-9E94-1B70A2530443}.Release|iPhone.ActiveCfg = Release|Any CPU
		{02629657-5FF3-4515-9E94-1B70A2530443}.Release|iPhone.Build.0 = Release|Any CPU
		{02629657-5FF3-4515-9E94-1B70A2530443}.Release|iPhone.Deploy.0 = Release|Any CPU
		{02629657-5FF3-4515-9E94-1B70A2530443}.Release|iPhoneSimulator.ActiveCfg = Release|Any CPU
		{02629657-5FF3-4515-9E94-1B70A2530443}.Release|iPhoneSimulator.Build.0 = Release|Any CPU
		{02629657-5FF3-4515-9E94-1B70A2530443}.Release|iPhoneSimulator.Deploy.0 = Release|Any CPU
		{02629657-5FF3-4515-9E94-1B70A2530443}.Release|x64.ActiveCfg = Release|Any CPU
		{02629657-5FF3-4515-9E94-1B70A2530443}.Release|x64.Build.0 = Release|Any CPU
		{02629657-5FF3-4515-9E94-1B70A2530443}.Release|x64.Deploy.0 = Release|Any CPU
		{02629657-5FF3-4515-9E94-1B70A2530443}.Release|x86.ActiveCfg = Release|Any CPU
		{02629657-5FF3-4515-9E94-1B70A2530443}.Release|x86.Build.0 = Release|Any CPU
		{02629657-5FF3-4515-9E94-1B70A2530443}.Release|x86.Deploy.0 = Release|Any CPU
		{29429250-D43C-4D51-B825-BD5B153C93F7}.Ad-Hoc|Any CPU.ActiveCfg = Release|Any CPU
		{29429250-D43C-4D51-B825-BD5B153C93F7}.Ad-Hoc|Any CPU.Build.0 = Release|Any CPU
		{29429250-D43C-4D51-B825-BD5B153C93F7}.Ad-Hoc|ARM.ActiveCfg = Release|Any CPU
		{29429250-D43C-4D51-B825-BD5B153C93F7}.Ad-Hoc|ARM.Build.0 = Release|Any CPU
		{29429250-D43C-4D51-B825-BD5B153C93F7}.Ad-Hoc|iPhone.ActiveCfg = Release|Any CPU
		{29429250-D43C-4D51-B825-BD5B153C93F7}.Ad-Hoc|iPhone.Build.0 = Release|Any CPU
		{29429250-D43C-4D51-B825-BD5B153C93F7}.Ad-Hoc|iPhoneSimulator.ActiveCfg = Release|Any CPU
		{29429250-D43C-4D51-B825-BD5B153C93F7}.Ad-Hoc|iPhoneSimulator.Build.0 = Release|Any CPU
		{29429250-D43C-4D51-B825-BD5B153C93F7}.Ad-Hoc|x64.ActiveCfg = Release|Any CPU
		{29429250-D43C-4D51-B825-BD5B153C93F7}.Ad-Hoc|x64.Build.0 = Release|Any CPU
		{29429250-D43C-4D51-B825-BD5B153C93F7}.Ad-Hoc|x86.ActiveCfg = Release|Any CPU
		{29429250-D43C-4D51-B825-BD5B153C93F7}.Ad-Hoc|x86.Build.0 = Release|Any CPU
		{29429250-D43C-4D51-B825-BD5B153C93F7}.AppStore|Any CPU.ActiveCfg = Release|Any CPU
		{29429250-D43C-4D51-B825-BD5B153C93F7}.AppStore|Any CPU.Build.0 = Release|Any CPU
		{29429250-D43C-4D51-B825-BD5B153C93F7}.AppStore|ARM.ActiveCfg = Release|Any CPU
		{29429250-D43C-4D51-B825-BD5B153C93F7}.AppStore|ARM.Build.0 = Release|Any CPU
		{29429250-D43C-4D51-B825-BD5B153C93F7}.AppStore|iPhone.ActiveCfg = Release|Any CPU
		{29429250-D43C-4D51-B825-BD5B153C93F7}.AppStore|iPhone.Build.0 = Release|Any CPU
		{29429250-D43C-4D51-B825-BD5B153C93F7}.AppStore|iPhoneSimulator.ActiveCfg = Release|Any CPU
		{29429250-D43C-4D51-B825-BD5B153C93F7}.AppStore|iPhoneSimulator.Build.0 = Release|Any CPU
		{29429250-D43C-4D51-B825-BD5B153C93F7}.AppStore|x64.ActiveCfg = Release|Any CPU
		{29429250-D43C-4D51-B825-BD5B153C93F7}.AppStore|x64.Build.0 = Release|Any CPU
		{29429250-D43C-4D51-B825-BD5B153C93F7}.AppStore|x86.ActiveCfg = Release|Any CPU
		{29429250-D43C-4D51-B825-BD5B153C93F7}.AppStore|x86.Build.0 = Release|Any CPU
		{29429250-D43C-4D51-B825-BD5B153C93F7}.Debug|Any CPU.ActiveCfg = Debug|Any CPU
		{29429250-D43C-4D51-B825-BD5B153C93F7}.Debug|Any CPU.Build.0 = Debug|Any CPU
		{29429250-D43C-4D51-B825-BD5B153C93F7}.Debug|ARM.ActiveCfg = Debug|Any CPU
		{29429250-D43C-4D51-B825-BD5B153C93F7}.Debug|ARM.Build.0 = Debug|Any CPU
		{29429250-D43C-4D51-B825-BD5B153C93F7}.Debug|iPhone.ActiveCfg = Debug|Any CPU
		{29429250-D43C-4D51-B825-BD5B153C93F7}.Debug|iPhone.Build.0 = Debug|Any CPU
		{29429250-D43C-4D51-B825-BD5B153C93F7}.Debug|iPhoneSimulator.ActiveCfg = Debug|Any CPU
		{29429250-D43C-4D51-B825-BD5B153C93F7}.Debug|iPhoneSimulator.Build.0 = Debug|Any CPU
		{29429250-D43C-4D51-B825-BD5B153C93F7}.Debug|x64.ActiveCfg = Debug|Any CPU
		{29429250-D43C-4D51-B825-BD5B153C93F7}.Debug|x64.Build.0 = Debug|Any CPU
		{29429250-D43C-4D51-B825-BD5B153C93F7}.Debug|x86.ActiveCfg = Debug|Any CPU
		{29429250-D43C-4D51-B825-BD5B153C93F7}.Debug|x86.Build.0 = Debug|Any CPU
		{29429250-D43C-4D51-B825-BD5B153C93F7}.Release|Any CPU.ActiveCfg = Release|Any CPU
		{29429250-D43C-4D51-B825-BD5B153C93F7}.Release|Any CPU.Build.0 = Release|Any CPU
		{29429250-D43C-4D51-B825-BD5B153C93F7}.Release|ARM.ActiveCfg = Release|Any CPU
		{29429250-D43C-4D51-B825-BD5B153C93F7}.Release|ARM.Build.0 = Release|Any CPU
		{29429250-D43C-4D51-B825-BD5B153C93F7}.Release|iPhone.ActiveCfg = Release|Any CPU
		{29429250-D43C-4D51-B825-BD5B153C93F7}.Release|iPhone.Build.0 = Release|Any CPU
		{29429250-D43C-4D51-B825-BD5B153C93F7}.Release|iPhoneSimulator.ActiveCfg = Release|Any CPU
		{29429250-D43C-4D51-B825-BD5B153C93F7}.Release|iPhoneSimulator.Build.0 = Release|Any CPU
		{29429250-D43C-4D51-B825-BD5B153C93F7}.Release|x64.ActiveCfg = Release|Any CPU
		{29429250-D43C-4D51-B825-BD5B153C93F7}.Release|x64.Build.0 = Release|Any CPU
		{29429250-D43C-4D51-B825-BD5B153C93F7}.Release|x86.ActiveCfg = Release|Any CPU
		{29429250-D43C-4D51-B825-BD5B153C93F7}.Release|x86.Build.0 = Release|Any CPU
		{CB90BC99-1329-493E-B643-16A529BC30E7}.Ad-Hoc|Any CPU.ActiveCfg = Release|x86
		{CB90BC99-1329-493E-B643-16A529BC30E7}.Ad-Hoc|Any CPU.Build.0 = Release|x86
		{CB90BC99-1329-493E-B643-16A529BC30E7}.Ad-Hoc|Any CPU.Deploy.0 = Release|x86
		{CB90BC99-1329-493E-B643-16A529BC30E7}.Ad-Hoc|ARM.ActiveCfg = Release|ARM
		{CB90BC99-1329-493E-B643-16A529BC30E7}.Ad-Hoc|ARM.Build.0 = Release|ARM
		{CB90BC99-1329-493E-B643-16A529BC30E7}.Ad-Hoc|ARM.Deploy.0 = Release|ARM
		{CB90BC99-1329-493E-B643-16A529BC30E7}.Ad-Hoc|iPhone.ActiveCfg = Release|x86
		{CB90BC99-1329-493E-B643-16A529BC30E7}.Ad-Hoc|iPhone.Build.0 = Release|x86
		{CB90BC99-1329-493E-B643-16A529BC30E7}.Ad-Hoc|iPhone.Deploy.0 = Release|x86
		{CB90BC99-1329-493E-B643-16A529BC30E7}.Ad-Hoc|iPhoneSimulator.ActiveCfg = Release|x86
		{CB90BC99-1329-493E-B643-16A529BC30E7}.Ad-Hoc|iPhoneSimulator.Build.0 = Release|x86
		{CB90BC99-1329-493E-B643-16A529BC30E7}.Ad-Hoc|iPhoneSimulator.Deploy.0 = Release|x86
		{CB90BC99-1329-493E-B643-16A529BC30E7}.Ad-Hoc|x64.ActiveCfg = Release|x64
		{CB90BC99-1329-493E-B643-16A529BC30E7}.Ad-Hoc|x64.Build.0 = Release|x64
		{CB90BC99-1329-493E-B643-16A529BC30E7}.Ad-Hoc|x64.Deploy.0 = Release|x64
		{CB90BC99-1329-493E-B643-16A529BC30E7}.Ad-Hoc|x86.ActiveCfg = Release|x86
		{CB90BC99-1329-493E-B643-16A529BC30E7}.Ad-Hoc|x86.Build.0 = Release|x86
		{CB90BC99-1329-493E-B643-16A529BC30E7}.Ad-Hoc|x86.Deploy.0 = Release|x86
		{CB90BC99-1329-493E-B643-16A529BC30E7}.AppStore|Any CPU.ActiveCfg = Release|x86
		{CB90BC99-1329-493E-B643-16A529BC30E7}.AppStore|Any CPU.Build.0 = Release|x86
		{CB90BC99-1329-493E-B643-16A529BC30E7}.AppStore|Any CPU.Deploy.0 = Release|x86
		{CB90BC99-1329-493E-B643-16A529BC30E7}.AppStore|ARM.ActiveCfg = Release|ARM
		{CB90BC99-1329-493E-B643-16A529BC30E7}.AppStore|ARM.Build.0 = Release|ARM
		{CB90BC99-1329-493E-B643-16A529BC30E7}.AppStore|ARM.Deploy.0 = Release|ARM
		{CB90BC99-1329-493E-B643-16A529BC30E7}.AppStore|iPhone.ActiveCfg = Release|x86
		{CB90BC99-1329-493E-B643-16A529BC30E7}.AppStore|iPhone.Build.0 = Release|x86
		{CB90BC99-1329-493E-B643-16A529BC30E7}.AppStore|iPhone.Deploy.0 = Release|x86
		{CB90BC99-1329-493E-B643-16A529BC30E7}.AppStore|iPhoneSimulator.ActiveCfg = Release|x86
		{CB90BC99-1329-493E-B643-16A529BC30E7}.AppStore|iPhoneSimulator.Build.0 = Release|x86
		{CB90BC99-1329-493E-B643-16A529BC30E7}.AppStore|iPhoneSimulator.Deploy.0 = Release|x86
		{CB90BC99-1329-493E-B643-16A529BC30E7}.AppStore|x64.ActiveCfg = Release|x64
		{CB90BC99-1329-493E-B643-16A529BC30E7}.AppStore|x64.Build.0 = Release|x64
		{CB90BC99-1329-493E-B643-16A529BC30E7}.AppStore|x64.Deploy.0 = Release|x64
		{CB90BC99-1329-493E-B643-16A529BC30E7}.AppStore|x86.ActiveCfg = Release|x86
		{CB90BC99-1329-493E-B643-16A529BC30E7}.AppStore|x86.Build.0 = Release|x86
		{CB90BC99-1329-493E-B643-16A529BC30E7}.AppStore|x86.Deploy.0 = Release|x86
		{CB90BC99-1329-493E-B643-16A529BC30E7}.Debug|Any CPU.ActiveCfg = Debug|x86
		{CB90BC99-1329-493E-B643-16A529BC30E7}.Debug|ARM.ActiveCfg = Debug|ARM
		{CB90BC99-1329-493E-B643-16A529BC30E7}.Debug|ARM.Build.0 = Debug|ARM
		{CB90BC99-1329-493E-B643-16A529BC30E7}.Debug|ARM.Deploy.0 = Debug|ARM
		{CB90BC99-1329-493E-B643-16A529BC30E7}.Debug|iPhone.ActiveCfg = Debug|x86
		{CB90BC99-1329-493E-B643-16A529BC30E7}.Debug|iPhoneSimulator.ActiveCfg = Debug|x86
		{CB90BC99-1329-493E-B643-16A529BC30E7}.Debug|x64.ActiveCfg = Debug|x64
		{CB90BC99-1329-493E-B643-16A529BC30E7}.Debug|x64.Build.0 = Debug|x64
		{CB90BC99-1329-493E-B643-16A529BC30E7}.Debug|x64.Deploy.0 = Debug|x64
		{CB90BC99-1329-493E-B643-16A529BC30E7}.Debug|x86.ActiveCfg = Debug|x86
		{CB90BC99-1329-493E-B643-16A529BC30E7}.Debug|x86.Build.0 = Debug|x86
		{CB90BC99-1329-493E-B643-16A529BC30E7}.Debug|x86.Deploy.0 = Debug|x86
		{CB90BC99-1329-493E-B643-16A529BC30E7}.Release|Any CPU.ActiveCfg = Release|x86
		{CB90BC99-1329-493E-B643-16A529BC30E7}.Release|ARM.ActiveCfg = Release|ARM
		{CB90BC99-1329-493E-B643-16A529BC30E7}.Release|ARM.Build.0 = Release|ARM
		{CB90BC99-1329-493E-B643-16A529BC30E7}.Release|ARM.Deploy.0 = Release|ARM
		{CB90BC99-1329-493E-B643-16A529BC30E7}.Release|iPhone.ActiveCfg = Release|x86
		{CB90BC99-1329-493E-B643-16A529BC30E7}.Release|iPhoneSimulator.ActiveCfg = Release|x86
		{CB90BC99-1329-493E-B643-16A529BC30E7}.Release|x64.ActiveCfg = Release|x64
		{CB90BC99-1329-493E-B643-16A529BC30E7}.Release|x64.Build.0 = Release|x64
		{CB90BC99-1329-493E-B643-16A529BC30E7}.Release|x64.Deploy.0 = Release|x64
		{CB90BC99-1329-493E-B643-16A529BC30E7}.Release|x86.ActiveCfg = Release|x86
		{CB90BC99-1329-493E-B643-16A529BC30E7}.Release|x86.Build.0 = Release|x86
		{CB90BC99-1329-493E-B643-16A529BC30E7}.Release|x86.Deploy.0 = Release|x86
		{1E1D81AB-AC15-441F-94AE-25136F85F6C6}.Ad-Hoc|Any CPU.ActiveCfg = Ad-Hoc|iPhoneSimulator
		{1E1D81AB-AC15-441F-94AE-25136F85F6C6}.Ad-Hoc|ARM.ActiveCfg = Ad-Hoc|iPhone
		{1E1D81AB-AC15-441F-94AE-25136F85F6C6}.Ad-Hoc|iPhone.ActiveCfg = Ad-Hoc|iPhone
		{1E1D81AB-AC15-441F-94AE-25136F85F6C6}.Ad-Hoc|iPhone.Build.0 = Ad-Hoc|iPhone
		{1E1D81AB-AC15-441F-94AE-25136F85F6C6}.Ad-Hoc|iPhoneSimulator.ActiveCfg = Ad-Hoc|iPhoneSimulator
		{1E1D81AB-AC15-441F-94AE-25136F85F6C6}.Ad-Hoc|iPhoneSimulator.Build.0 = Ad-Hoc|iPhoneSimulator
		{1E1D81AB-AC15-441F-94AE-25136F85F6C6}.Ad-Hoc|x64.ActiveCfg = Ad-Hoc|iPhone
		{1E1D81AB-AC15-441F-94AE-25136F85F6C6}.Ad-Hoc|x86.ActiveCfg = Ad-Hoc|iPhone
		{1E1D81AB-AC15-441F-94AE-25136F85F6C6}.AppStore|Any CPU.ActiveCfg = AppStore|iPhoneSimulator
		{1E1D81AB-AC15-441F-94AE-25136F85F6C6}.AppStore|ARM.ActiveCfg = AppStore|iPhone
		{1E1D81AB-AC15-441F-94AE-25136F85F6C6}.AppStore|iPhone.ActiveCfg = AppStore|iPhone
		{1E1D81AB-AC15-441F-94AE-25136F85F6C6}.AppStore|iPhone.Build.0 = AppStore|iPhone
		{1E1D81AB-AC15-441F-94AE-25136F85F6C6}.AppStore|iPhoneSimulator.ActiveCfg = AppStore|iPhoneSimulator
		{1E1D81AB-AC15-441F-94AE-25136F85F6C6}.AppStore|iPhoneSimulator.Build.0 = AppStore|iPhoneSimulator
		{1E1D81AB-AC15-441F-94AE-25136F85F6C6}.AppStore|x64.ActiveCfg = AppStore|iPhone
		{1E1D81AB-AC15-441F-94AE-25136F85F6C6}.AppStore|x86.ActiveCfg = AppStore|iPhone
		{1E1D81AB-AC15-441F-94AE-25136F85F6C6}.Debug|Any CPU.ActiveCfg = Debug|iPhoneSimulator
		{1E1D81AB-AC15-441F-94AE-25136F85F6C6}.Debug|ARM.ActiveCfg = Debug|iPhone
		{1E1D81AB-AC15-441F-94AE-25136F85F6C6}.Debug|iPhone.ActiveCfg = Debug|iPhone
		{1E1D81AB-AC15-441F-94AE-25136F85F6C6}.Debug|iPhone.Build.0 = Debug|iPhone
		{1E1D81AB-AC15-441F-94AE-25136F85F6C6}.Debug|iPhoneSimulator.ActiveCfg = Debug|iPhoneSimulator
		{1E1D81AB-AC15-441F-94AE-25136F85F6C6}.Debug|iPhoneSimulator.Build.0 = Debug|iPhoneSimulator
		{1E1D81AB-AC15-441F-94AE-25136F85F6C6}.Debug|x64.ActiveCfg = Debug|iPhone
		{1E1D81AB-AC15-441F-94AE-25136F85F6C6}.Debug|x86.ActiveCfg = Debug|iPhone
		{1E1D81AB-AC15-441F-94AE-25136F85F6C6}.Release|Any CPU.ActiveCfg = Release|iPhoneSimulator
		{1E1D81AB-AC15-441F-94AE-25136F85F6C6}.Release|ARM.ActiveCfg = Release|iPhone
		{1E1D81AB-AC15-441F-94AE-25136F85F6C6}.Release|iPhone.ActiveCfg = Release|iPhone
		{1E1D81AB-AC15-441F-94AE-25136F85F6C6}.Release|iPhone.Build.0 = Release|iPhone
		{1E1D81AB-AC15-441F-94AE-25136F85F6C6}.Release|iPhoneSimulator.ActiveCfg = Release|iPhoneSimulator
		{1E1D81AB-AC15-441F-94AE-25136F85F6C6}.Release|iPhoneSimulator.Build.0 = Release|iPhoneSimulator
		{1E1D81AB-AC15-441F-94AE-25136F85F6C6}.Release|x64.ActiveCfg = Release|iPhone
		{1E1D81AB-AC15-441F-94AE-25136F85F6C6}.Release|x86.ActiveCfg = Release|iPhone
	EndGlobalSection
	GlobalSection(SolutionProperties) = preSolution
		HideSolutionNode = FALSE
	EndGlobalSection
	GlobalSection(ExtensibilityGlobals) = postSolution
		SolutionGuid = {C87D109C-6F64-4F6F-A299-3D82B2C72622}
	EndGlobalSection
EndGlobal
